
Microsoft Visual Studio Solution File, Format Version 12.00
# Visual Studio Version 16
VisualStudioVersion = 16.0.29324.140
MinimumVisualStudioVersion = 10.0.40219.1
Project("{FAE04EC0-301F-11D3-BF4B-00C04F79EFBC}") = "cauculadoraFuncoesTeste", "cauculadoraFuncoesTeste\cauculadoraFuncoesTeste.csproj", "{74ED8F79-A322-4EC9-9E3A-43FF92EBA6B2}"
EndProject
Global
	GlobalSection(SolutionConfigurationPlatforms) = preSolution
		Debug|Any CPU = Debug|Any CPU
		Release|Any CPU = Release|Any CPU
	EndGlobalSection
	GlobalSection(ProjectConfigurationPlatforms) = postSolution
		{74ED8F79-A322-4EC9-9E3A-43FF92EBA6B2}.Debug|Any CPU.ActiveCfg = Debug|Any CPU
		{74ED8F79-A322-4EC9-9E3A-43FF92EBA6B2}.Debug|Any CPU.Build.0 = Debug|Any CPU
		{74ED8F79-A322-4EC9-9E3A-43FF92EBA6B2}.Release|Any CPU.ActiveCfg = Release|Any CPU
		{74ED8F79-A322-4EC9-9E3A-43FF92EBA6B2}.Release|Any CPU.Build.0 = Release|Any CPU
	EndGlobalSection
	GlobalSection(SolutionProperties) = preSolution
		HideSolutionNode = FALSE
	EndGlobalSection
	GlobalSection(ExtensibilityGlobals) = postSolution
		SolutionGuid = {1512F6AD-FC0C-40F1-A617-908C56FECB8D}
	EndGlobalSection
EndGlobal
